
Microsoft Visual Studio Solution File, Format Version 12.00
# Visual Studio Version 16
VisualStudioVersion = 16.0.30413.136
MinimumVisualStudioVersion = 10.0.40219.1
Project("{9A19103F-16F7-4668-BE54-9A1E7A4F7556}") = "SW.SecurityService.Web", "SW.SecurityService.Web\SW.SecurityService.Web.csproj", "{635C726E-95C3-4282-B008-04F23F702E14}"
EndProject
Project("{9A19103F-16F7-4668-BE54-9A1E7A4F7556}") = "SW.SecurityService.Core", "SW.SecurityService.Core\SW.SecurityService.Core.csproj", "{D27AE41B-E98B-47AB-88D2-878F9A2A2919}"
EndProject
Project("{FAE04EC0-301F-11D3-BF4B-00C04F79EFBC}") = "SW.SecurityService.Core.Tests", "SW.SecurityService.Core.Tests\SW.SecurityService.Core.Tests.csproj", "{6A717692-B475-4B27-8F29-A7B62AB9B7A3}"
EndProject
Project("{FAE04EC0-301F-11D3-BF4B-00C04F79EFBC}") = "SW.SecurityService.CredentialRepository", "SW.SecurityService.CredentialRepository\SW.SecurityService.CredentialRepository.csproj", "{458F3C19-478F-4A53-BA5B-E72EDB0CE7FB}"
EndProject
Global
	GlobalSection(SolutionConfigurationPlatforms) = preSolution
		Debug|Any CPU = Debug|Any CPU
		Release|Any CPU = Release|Any CPU
	EndGlobalSection
	GlobalSection(ProjectConfigurationPlatforms) = postSolution
		{635C726E-95C3-4282-B008-04F23F702E14}.Debug|Any CPU.ActiveCfg = Debug|Any CPU
		{635C726E-95C3-4282-B008-04F23F702E14}.Debug|Any CPU.Build.0 = Debug|Any CPU
		{635C726E-95C3-4282-B008-04F23F702E14}.Release|Any CPU.ActiveCfg = Release|Any CPU
		{635C726E-95C3-4282-B008-04F23F702E14}.Release|Any CPU.Build.0 = Release|Any CPU
		{D27AE41B-E98B-47AB-88D2-878F9A2A2919}.Debug|Any CPU.ActiveCfg = Debug|Any CPU
		{D27AE41B-E98B-47AB-88D2-878F9A2A2919}.Debug|Any CPU.Build.0 = Debug|Any CPU
		{D27AE41B-E98B-47AB-88D2-878F9A2A2919}.Release|Any CPU.ActiveCfg = Release|Any CPU
		{D27AE41B-E98B-47AB-88D2-878F9A2A2919}.Release|Any CPU.Build.0 = Release|Any CPU
		{6A717692-B475-4B27-8F29-A7B62AB9B7A3}.Debug|Any CPU.ActiveCfg = Debug|Any CPU
		{6A717692-B475-4B27-8F29-A7B62AB9B7A3}.Debug|Any CPU.Build.0 = Debug|Any CPU
		{6A717692-B475-4B27-8F29-A7B62AB9B7A3}.Release|Any CPU.ActiveCfg = Release|Any CPU
		{6A717692-B475-4B27-8F29-A7B62AB9B7A3}.Release|Any CPU.Build.0 = Release|Any CPU
		{458F3C19-478F-4A53-BA5B-E72EDB0CE7FB}.Debug|Any CPU.ActiveCfg = Debug|Any CPU
		{458F3C19-478F-4A53-BA5B-E72EDB0CE7FB}.Debug|Any CPU.Build.0 = Debug|Any CPU
		{458F3C19-478F-4A53-BA5B-E72EDB0CE7FB}.Release|Any CPU.ActiveCfg = Release|Any CPU
		{458F3C19-478F-4A53-BA5B-E72EDB0CE7FB}.Release|Any CPU.Build.0 = Release|Any CPU
	EndGlobalSection
	GlobalSection(SolutionProperties) = preSolution
		HideSolutionNode = FALSE
	EndGlobalSection
	GlobalSection(ExtensibilityGlobals) = postSolution
		SolutionGuid = {11342884-7FBB-4849-A4E2-23C3FC18E4A5}
	EndGlobalSection
EndGlobal
